# This file is automatically @generated by Cargo.
# It is not intended for manual editing.
version = 3

[[package]]
name = "bit_utils"
version = "0.1.1"
source = "registry+https://github.com/rust-lang/crates.io-index"
checksum = "f8114dca45a04a4bdaf03de9976a3131cf954827757f971d84cd431a9f2cc26d"

[[package]]
name = "json"
version = "0.12.4"
source = "registry+https://github.com/rust-lang/crates.io-index"
checksum = "078e285eafdfb6c4b434e0d31e8cfcb5115b651496faca5749b88fafd4f23bfd"

[[package]]
name = "mc-varint"
version = "0.1.1"
source = "registry+https://github.com/rust-lang/crates.io-index"
checksum = "6407d50d4e371d5f450a4a5f1abd4531e48e9a1627409c051b5d4c7c84f6bb09"

[[package]]
name = "rust-mcserver"
version = "0.1.0"
dependencies = [
 "json",
 "mc-varint",
 "varint",
]

[[package]]
name = "varint"
version = "0.9.0"
source = "registry+https://github.com/rust-lang/crates.io-index"
checksum = "c37be5674e0be9c72790681999b0e6f09f03d3fc5d8904cfe2db615aad65887b"
dependencies = [
 "bit_utils",
]
